{
  "name": "chisel-user-scripts",
  "version": "0.0.0",
  "lockfileVersion": 1,
  "requires": true,
  "dependencies": {
    "chisel-ts": {
      "version": "0.0.0",
      "resolved": "https://registry.npmjs.org/chisel-ts/-/chisel-ts-0.0.0.tgz",
      "integrity": "sha512-aEJ/I3P46ICiVxGZzVtLzIFkP6sEiFbILYlvCvVoevpI5eIv89ugFDy9hQBh2Yl5ehdGQMPuJx9h+76oZchvWw=="
    }
  }
}
